
Microsoft Visual Studio Solution File, Format Version 12.00
# Visual Studio Version 17
VisualStudioVersion = 17.2.32630.192
MinimumVisualStudioVersion = 10.0.40219.1
Project("{9A19103F-16F7-4668-BE54-9A1E7A4F7556}") = "DnsToolkit.Net", "DnsToolkit.Net\DnsToolkit.Net.csproj", "{65BFA748-C640-49B0-B506-34BBB165233A}"
EndProject
Project("{FAE04EC0-301F-11D3-BF4B-00C04F79EFBC}") = "DnsToolkit.Net.Tests", "DnsToolkit.Net.Tests\DnsToolkit.Net.Tests.csproj", "{2364548F-07F8-4385-86F8-F7234715FF12}"
EndProject
Global
	GlobalSection(SolutionConfigurationPlatforms) = preSolution
		Debug|Any CPU = Debug|Any CPU
		Debug|x64 = Debug|x64
		Debug|x86 = Debug|x86
		Release|Any CPU = Release|Any CPU
		Release|x64 = Release|x64
		Release|x86 = Release|x86
	EndGlobalSection
	GlobalSection(ProjectConfigurationPlatforms) = postSolution
		{65BFA748-C640-49B0-B506-34BBB165233A}.Debug|Any CPU.ActiveCfg = Debug|Any CPU
		{65BFA748-C640-49B0-B506-34BBB165233A}.Debug|Any CPU.Build.0 = Debug|Any CPU
		{65BFA748-C640-49B0-B506-34BBB165233A}.Debug|x64.ActiveCfg = Debug|Any CPU
		{65BFA748-C640-49B0-B506-34BBB165233A}.Debug|x64.Build.0 = Debug|Any CPU
		{65BFA748-C640-49B0-B506-34BBB165233A}.Debug|x86.ActiveCfg = Debug|Any CPU
		{65BFA748-C640-49B0-B506-34BBB165233A}.Debug|x86.Build.0 = Debug|Any CPU
		{65BFA748-C640-49B0-B506-34BBB165233A}.Release|Any CPU.ActiveCfg = Release|Any CPU
		{65BFA748-C640-49B0-B506-34BBB165233A}.Release|Any CPU.Build.0 = Release|Any CPU
		{65BFA748-C640-49B0-B506-34BBB165233A}.Release|x64.ActiveCfg = Release|Any CPU
		{65BFA748-C640-49B0-B506-34BBB165233A}.Release|x64.Build.0 = Release|Any CPU
		{65BFA748-C640-49B0-B506-34BBB165233A}.Release|x86.ActiveCfg = Release|Any CPU
		{65BFA748-C640-49B0-B506-34BBB165233A}.Release|x86.Build.0 = Release|Any CPU
		{2364548F-07F8-4385-86F8-F7234715FF12}.Debug|Any CPU.ActiveCfg = Debug|Any CPU
		{2364548F-07F8-4385-86F8-F7234715FF12}.Debug|Any CPU.Build.0 = Debug|Any CPU
		{2364548F-07F8-4385-86F8-F7234715FF12}.Debug|x64.ActiveCfg = Debug|Any CPU
		{2364548F-07F8-4385-86F8-F7234715FF12}.Debug|x64.Build.0 = Debug|Any CPU
		{2364548F-07F8-4385-86F8-F7234715FF12}.Debug|x86.ActiveCfg = Debug|Any CPU
		{2364548F-07F8-4385-86F8-F7234715FF12}.Debug|x86.Build.0 = Debug|Any CPU
		{2364548F-07F8-4385-86F8-F7234715FF12}.Release|Any CPU.ActiveCfg = Release|Any CPU
		{2364548F-07F8-4385-86F8-F7234715FF12}.Release|Any CPU.Build.0 = Release|Any CPU
		{2364548F-07F8-4385-86F8-F7234715FF12}.Release|x64.ActiveCfg = Release|Any CPU
		{2364548F-07F8-4385-86F8-F7234715FF12}.Release|x64.Build.0 = Release|Any CPU
		{2364548F-07F8-4385-86F8-F7234715FF12}.Release|x86.ActiveCfg = Release|Any CPU
		{2364548F-07F8-4385-86F8-F7234715FF12}.Release|x86.Build.0 = Release|Any CPU
	EndGlobalSection
	GlobalSection(SolutionProperties) = preSolution
		HideSolutionNode = FALSE
	EndGlobalSection
	GlobalSection(ExtensibilityGlobals) = postSolution
		SolutionGuid = {2F9903B1-2247-460D-943A-163F1D62980B}
	EndGlobalSection
EndGlobal
